// !$*UTF8*$!
{
	archiveVersion = 1;
	classes = {
	};
	objectVersion = 46;
	objects = {

/* Begin PBXBuildFile section */
		AEB39983181305FF00179CE8 /* KGLIndexedObjectBuilder.m in Sources */ = {isa = PBXBuildFile; fileRef = AEB39981181305FF00179CE8 /* KGLIndexedObjectBuilder.m */; };
		AEB39984181305FF00179CE8 /* KGLIndexedObjectBuilder.h in Headers */ = {isa = PBXBuildFile; fileRef = AEB39982181305FF00179CE8 /* KGLIndexedObjectBuilder.h */; settings = {ATTRIBUTES = (Public, ); }; };
		AEB399871813072700179CE8 /* KGLBoxBuilder.m in Sources */ = {isa = PBXBuildFile; fileRef = AEB399851813072700179CE8 /* KGLBoxBuilder.m */; };
		AEB399881813072700179CE8 /* KGLBoxBuilder.h in Headers */ = {isa = PBXBuildFile; fileRef = AEB399861813072700179CE8 /* KGLBoxBuilder.h */; settings = {ATTRIBUTES = (Public, ); }; };
		AEB3998B18131DC100179CE8 /* KGLSphereBuilder.m in Sources */ = {isa = PBXBuildFile; fileRef = AEB3998918131DC100179CE8 /* KGLSphereBuilder.m */; };
		AEB3998C18131DC100179CE8 /* KGLSphereBuilder.h in Headers */ = {isa = PBXBuildFile; fileRef = AEB3998A18131DC100179CE8 /* KGLSphereBuilder.h */; settings = {ATTRIBUTES = (Public, ); }; };
		AEB3998F18131EF900179CE8 /* KGLTorusBuilder.m in Sources */ = {isa = PBXBuildFile; fileRef = AEB3998D18131EF900179CE8 /* KGLTorusBuilder.m */; };
		AEB3999018131EF900179CE8 /* KGLTorusBuilder.h in Headers */ = {isa = PBXBuildFile; fileRef = AEB3998E18131EF900179CE8 /* KGLTorusBuilder.h */; settings = {ATTRIBUTES = (Public, ); }; };
		AEB3999318131FEC00179CE8 /* KGLConeBuilder.m in Sources */ = {isa = PBXBuildFile; fileRef = AEB3999118131FEC00179CE8 /* KGLConeBuilder.m */; };
		AEB3999418131FEC00179CE8 /* KGLConeBuilder.h in Headers */ = {isa = PBXBuildFile; fileRef = AEB3999218131FEC00179CE8 /* KGLConeBuilder.h */; settings = {ATTRIBUTES = (Public, ); }; };
		AEB39998181321A000179CE8 /* KGLTorusBuilderTests.m in Sources */ = {isa = PBXBuildFile; fileRef = AEB39995181321A000179CE8 /* KGLTorusBuilderTests.m */; };
		AEB39999181321A000179CE8 /* KGLSphereBuilderTests.m in Sources */ = {isa = PBXBuildFile; fileRef = AEB39996181321A000179CE8 /* KGLSphereBuilderTests.m */; };
		AEB3999A181321A000179CE8 /* KGLConeBuilderTests.m in Sources */ = {isa = PBXBuildFile; fileRef = AEB39997181321A000179CE8 /* KGLConeBuilderTests.m */; };
		AECBAFA21812C2FC005A8122 /* KGLVector3.m in Sources */ = {isa = PBXBuildFile; fileRef = AECBAFA01812C2FC005A8122 /* KGLVector3.m */; };
		AECBAFA31812C2FC005A8122 /* KGLVector3.h in Headers */ = {isa = PBXBuildFile; fileRef = AECBAFA11812C2FC005A8122 /* KGLVector3.h */; settings = {ATTRIBUTES = (Public, ); }; };
		AECBAFA61812C5A8005A8122 /* KGLParameterizedVertex.m in Sources */ = {isa = PBXBuildFile; fileRef = AECBAFA41812C5A8005A8122 /* KGLParameterizedVertex.m */; };
		AECBAFA71812C5A8005A8122 /* KGLParameterizedVertex.h in Headers */ = {isa = PBXBuildFile; fileRef = AECBAFA51812C5A8005A8122 /* KGLParameterizedVertex.h */; settings = {ATTRIBUTES = (Public, ); }; };
		AECBAFA91812C7BE005A8122 /* KGLTesselate.h in Headers */ = {isa = PBXBuildFile; fileRef = AECBAFA81812C7BE005A8122 /* KGLTesselate.h */; settings = {ATTRIBUTES = (Public, ); }; };
		AECBAFAC1812C8C5005A8122 /* KGLTriangle.m in Sources */ = {isa = PBXBuildFile; fileRef = AECBAFAA1812C8C5005A8122 /* KGLTriangle.m */; };
		AECBAFAD1812C8C5005A8122 /* KGLTriangle.h in Headers */ = {isa = PBXBuildFile; fileRef = AECBAFAB1812C8C5005A8122 /* KGLTriangle.h */; settings = {ATTRIBUTES = (Public, ); }; };
		AECBAFB01812CA1E005A8122 /* KGLQuad.m in Sources */ = {isa = PBXBuildFile; fileRef = AECBAFAE1812CA1E005A8122 /* KGLQuad.m */; };
		AECBAFB11812CA1E005A8122 /* KGLQuad.h in Headers */ = {isa = PBXBuildFile; fileRef = AECBAFAF1812CA1E005A8122 /* KGLQuad.h */; settings = {ATTRIBUTES = (Public, ); }; };
		AECBAFB41812CBB5005A8122 /* KGLIndexedTriangle.m in Sources */ = {isa = PBXBuildFile; fileRef = AECBAFB21812CBB5005A8122 /* KGLIndexedTriangle.m */; };
		AECBAFB51812CBB5005A8122 /* KGLIndexedTriangle.h in Headers */ = {isa = PBXBuildFile; fileRef = AECBAFB31812CBB5005A8122 /* KGLIndexedTriangle.h */; settings = {ATTRIBUTES = (Public, ); }; };
		AECBAFB81812CD03005A8122 /* KGLIndexedQuad.m in Sources */ = {isa = PBXBuildFile; fileRef = AECBAFB61812CD03005A8122 /* KGLIndexedQuad.m */; };
		AECBAFB91812CD03005A8122 /* KGLIndexedQuad.h in Headers */ = {isa = PBXBuildFile; fileRef = AECBAFB71812CD03005A8122 /* KGLIndexedQuad.h */; settings = {ATTRIBUTES = (Public, ); }; };
		AECBAFC01812CEBC005A8122 /* XCTest.framework in Frameworks */ = {isa = PBXBuildFile; fileRef = AECBAFBF1812CEBC005A8122 /* XCTest.framework */; };
		AECBAFC61812CEBC005A8122 /* InfoPlist.strings in Resources */ = {isa = PBXBuildFile; fileRef = AECBAFC41812CEBC005A8122 /* InfoPlist.strings */; };
		AECBAFD01812CEF8005A8122 /* RSParameterizedVertexTests.m in Sources */ = {isa = PBXBuildFile; fileRef = AECBAFCF1812CEF8005A8122 /* RSParameterizedVertexTests.m */; };
		AECBAFD11812CF50005A8122 /* KGL.framework in Frameworks */ = {isa = PBXBuildFile; fileRef = D8A2B91D17BEA30900002FF9 /* KGL.framework */; };
		AECBAFD618130339005A8122 /* KGLObjectBuilder.m in Sources */ = {isa = PBXBuildFile; fileRef = AECBAFD418130339005A8122 /* KGLObjectBuilder.m */; };
		AECBAFD718130339005A8122 /* KGLObjectBuilder.h in Headers */ = {isa = PBXBuildFile; fileRef = AECBAFD518130339005A8122 /* KGLObjectBuilder.h */; settings = {ATTRIBUTES = (Public, ); }; };
		AEDA67A21804AE37006237A6 /* KGLTexture.h in Headers */ = {isa = PBXBuildFile; fileRef = AEDA67A01804AE37006237A6 /* KGLTexture.h */; settings = {ATTRIBUTES = (Public, ); }; };
		AEDA67A31804AE37006237A6 /* KGLTexture.m in Sources */ = {isa = PBXBuildFile; fileRef = AEDA67A11804AE37006237A6 /* KGLTexture.m */; };
		AEE6EB6C181471E20025FED6 /* KGLBuiltObject.m in Sources */ = {isa = PBXBuildFile; fileRef = AEE6EB6A181471E20025FED6 /* KGLBuiltObject.m */; };
		AEE6EB6D181471E20025FED6 /* KGLBuiltObject.h in Headers */ = {isa = PBXBuildFile; fileRef = AEE6EB6B181471E20025FED6 /* KGLBuiltObject.h */; settings = {ATTRIBUTES = (Public, ); }; };
		D84065F517BF0A8A00D07028 /* shader.vsh in Resources */ = {isa = PBXBuildFile; fileRef = D84065F117BF0A6800D07028 /* shader.vsh */; };
		D84065F617BF0A8A00D07028 /* shader.fsh in Resources */ = {isa = PBXBuildFile; fileRef = D84065F217BF0A6800D07028 /* shader.fsh */; };
		D8A2B92117BEA30900002FF9 /* Cocoa.framework in Frameworks */ = {isa = PBXBuildFile; fileRef = D8A2B92017BEA30900002FF9 /* Cocoa.framework */; };
		D8A2B92B17BEA30900002FF9 /* InfoPlist.strings in Resources */ = {isa = PBXBuildFile; fileRef = D8A2B92917BEA30900002FF9 /* InfoPlist.strings */; };
		D8A2B93617BEA35800002FF9 /* GLKit.framework in Frameworks */ = {isa = PBXBuildFile; fileRef = D8A2B93517BEA35800002FF9 /* GLKit.framework */; };
		D8A2B95717BEA3C300002FF9 /* KGLDrawable.h in Headers */ = {isa = PBXBuildFile; fileRef = D8A2B93917BEA3C300002FF9 /* KGLDrawable.h */; settings = {ATTRIBUTES = (Public, ); }; };
		D8A2B95817BEA3C300002FF9 /* KGLDrawable.m in Sources */ = {isa = PBXBuildFile; fileRef = D8A2B93A17BEA3C300002FF9 /* KGLDrawable.m */; };
		D8A2B95917BEA3C300002FF9 /* KGLShader.h in Headers */ = {isa = PBXBuildFile; fileRef = D8A2B93B17BEA3C300002FF9 /* KGLShader.h */; settings = {ATTRIBUTES = (Public, ); }; };
		D8A2B95A17BEA3C300002FF9 /* KGLShader.m in Sources */ = {isa = PBXBuildFile; fileRef = D8A2B93C17BEA3C300002FF9 /* KGLShader.m */; };
		D8A2B95B17BEA3C300002FF9 /* KGLError.h in Headers */ = {isa = PBXBuildFile; fileRef = D8A2B93D17BEA3C300002FF9 /* KGLError.h */; settings = {ATTRIBUTES = (Public, ); }; };
		D8A2B95C17BEA3C300002FF9 /* KGLError.m in Sources */ = {isa = PBXBuildFile; fileRef = D8A2B93E17BEA3C300002FF9 /* KGLError.m */; };
		D8A2B95D17BEA3C300002FF9 /* KGLShaderAttribute.h in Headers */ = {isa = PBXBuildFile; fileRef = D8A2B93F17BEA3C300002FF9 /* KGLShaderAttribute.h */; settings = {ATTRIBUTES = (Public, ); }; };
		D8A2B95E17BEA3C300002FF9 /* KGLShaderAttribute.m in Sources */ = {isa = PBXBuildFile; fileRef = D8A2B94017BEA3C300002FF9 /* KGLShaderAttribute.m */; };
		D8A2B95F17BEA3C300002FF9 /* KGLDrawableData.h in Headers */ = {isa = PBXBuildFile; fileRef = D8A2B94117BEA3C300002FF9 /* KGLDrawableData.h */; settings = {ATTRIBUTES = (Public, ); }; };
		D8A2B96017BEA3C300002FF9 /* KGLDrawableData.m in Sources */ = {isa = PBXBuildFile; fileRef = D8A2B94217BEA3C300002FF9 /* KGLDrawableData.m */; };
		D8A2B96117BEA3C300002FF9 /* KGLMaterial.h in Headers */ = {isa = PBXBuildFile; fileRef = D8A2B94317BEA3C300002FF9 /* KGLMaterial.h */; settings = {ATTRIBUTES = (Public, ); }; };
		D8A2B96217BEA3C300002FF9 /* KGLMaterial.m in Sources */ = {isa = PBXBuildFile; fileRef = D8A2B94417BEA3C300002FF9 /* KGLMaterial.m */; };
		D8A2B96317BEA3C300002FF9 /* KGLAverageNormal.h in Headers */ = {isa = PBXBuildFile; fileRef = D8A2B94517BEA3C300002FF9 /* KGLAverageNormal.h */; settings = {ATTRIBUTES = (Public, ); }; };
		D8A2B96417BEA3C300002FF9 /* KGLAverageNormal.m in Sources */ = {isa = PBXBuildFile; fileRef = D8A2B94617BEA3C300002FF9 /* KGLAverageNormal.m */; };
		D8A2B96517BEA3C300002FF9 /* KGLDrawableDataIndexed.h in Headers */ = {isa = PBXBuildFile; fileRef = D8A2B94717BEA3C300002FF9 /* KGLDrawableDataIndexed.h */; settings = {ATTRIBUTES = (Public, ); }; };
		D8A2B96617BEA3C300002FF9 /* KGLDrawableDataIndexed.m in Sources */ = {isa = PBXBuildFile; fileRef = D8A2B94817BEA3C300002FF9 /* KGLDrawableDataIndexed.m */; };
		D8A2B96717BEA3C300002FF9 /* KGLDrawableDataArray.h in Headers */ = {isa = PBXBuildFile; fileRef = D8A2B94917BEA3C300002FF9 /* KGLDrawableDataArray.h */; settings = {ATTRIBUTES = (Public, ); }; };
		D8A2B96817BEA3C300002FF9 /* KGLDrawableDataArray.m in Sources */ = {isa = PBXBuildFile; fileRef = D8A2B94A17BEA3C300002FF9 /* KGLDrawableDataArray.m */; };
		D8A2B96917BEA3C300002FF9 /* KGLCamera.h in Headers */ = {isa = PBXBuildFile; fileRef = D8A2B94B17BEA3C300002FF9 /* KGLCamera.h */; settings = {ATTRIBUTES = (Public, ); }; };
		D8A2B96A17BEA3C300002FF9 /* KGLCamera.m in Sources */ = {isa = PBXBuildFile; fileRef = D8A2B94C17BEA3C300002FF9 /* KGLCamera.m */; };
		D8A2B96B17BEA3C300002FF9 /* KGLLights.h in Headers */ = {isa = PBXBuildFile; fileRef = D8A2B94D17BEA3C300002FF9 /* KGLLights.h */; settings = {ATTRIBUTES = (Public, ); }; };
		D8A2B96C17BEA3C300002FF9 /* KGLLights.m in Sources */ = {isa = PBXBuildFile; fileRef = D8A2B94E17BEA3C300002FF9 /* KGLLights.m */; };
		D8A2B96D17BEA3C300002FF9 /* KGLLight.h in Headers */ = {isa = PBXBuildFile; fileRef = D8A2B94F17BEA3C300002FF9 /* KGLLight.h */; settings = {ATTRIBUTES = (Public, ); }; };
		D8A2B96E17BEA3C300002FF9 /* KGLLight.m in Sources */ = {isa = PBXBuildFile; fileRef = D8A2B95017BEA3C300002FF9 /* KGLLight.m */; };
		D8A2B96F17BEA3C300002FF9 /* KGLScene.h in Headers */ = {isa = PBXBuildFile; fileRef = D8A2B95117BEA3C300002FF9 /* KGLScene.h */; settings = {ATTRIBUTES = (Public, ); }; };
		D8A2B97017BEA3C300002FF9 /* KGLScene.m in Sources */ = {isa = PBXBuildFile; fileRef = D8A2B95217BEA3C300002FF9 /* KGLScene.m */; };
		D8A2B97117BEA3C300002FF9 /* KGLReferenceFrame.h in Headers */ = {isa = PBXBuildFile; fileRef = D8A2B95317BEA3C300002FF9 /* KGLReferenceFrame.h */; settings = {ATTRIBUTES = (Public, ); }; };
		D8A2B97217BEA3C300002FF9 /* KGLReferenceFrame.m in Sources */ = {isa = PBXBuildFile; fileRef = D8A2B95417BEA3C300002FF9 /* KGLReferenceFrame.m */; };
		D8A2B97317BEA3C300002FF9 /* KGLObject.h in Headers */ = {isa = PBXBuildFile; fileRef = D8A2B95517BEA3C300002FF9 /* KGLObject.h */; settings = {ATTRIBUTES = (Public, ); }; };
		D8A2B97417BEA3C300002FF9 /* KGLObject.m in Sources */ = {isa = PBXBuildFile; fileRef = D8A2B95617BEA3C300002FF9 /* KGLObject.m */; };
		D8A2B97817BEA41200002FF9 /* KGLRender.h in Headers */ = {isa = PBXBuildFile; fileRef = D8A2B97617BEA41200002FF9 /* KGLRender.h */; settings = {ATTRIBUTES = (Public, ); }; };
		D8A2B97917BEA41200002FF9 /* KGLModelingHierarchy.h in Headers */ = {isa = PBXBuildFile; fileRef = D8A2B97717BEA41200002FF9 /* KGLModelingHierarchy.h */; settings = {ATTRIBUTES = (Public, ); }; };
		D8AAAD2317E130880022133B /* OpenGL.framework in Frameworks */ = {isa = PBXBuildFile; fileRef = D8AAAD2217E130880022133B /* OpenGL.framework */; };
		D8CFED0417E3EE3B0016F090 /* NSString+UUID.h in Headers */ = {isa = PBXBuildFile; fileRef = D8CFED0217E3EE3B0016F090 /* NSString+UUID.h */; };
		D8CFED0517E3EE3B0016F090 /* NSString+UUID.m in Sources */ = {isa = PBXBuildFile; fileRef = D8CFED0317E3EE3B0016F090 /* NSString+UUID.m */; };
		D8CFED0917E3EE970016F090 /* KGLUUID.h in Headers */ = {isa = PBXBuildFile; fileRef = D8CFED0717E3EE970016F090 /* KGLUUID.h */; settings = {ATTRIBUTES = (Public, ); }; };
		D8CFED0A17E3EE970016F090 /* KGLUUID.m in Sources */ = {isa = PBXBuildFile; fileRef = D8CFED0817E3EE970016F090 /* KGLUUID.m */; };
		D8F842F81810A82B0013D2FC /* KGL.h in Headers */ = {isa = PBXBuildFile; fileRef = D8F842F61810A82B0013D2FC /* KGL.h */; settings = {ATTRIBUTES = (Public, ); }; };
		D8F842F91810A82B0013D2FC /* KGL.m in Sources */ = {isa = PBXBuildFile; fileRef = D8F842F71810A82B0013D2FC /* KGL.m */; };
/* End PBXBuildFile section */

/* Begin PBXContainerItemProxy section */
		AECBAFCA1812CEBC005A8122 /* PBXContainerItemProxy */ = {
			isa = PBXContainerItemProxy;
			containerPortal = D8A2B91417BEA30900002FF9 /* Project object */;
			proxyType = 1;
			remoteGlobalIDString = D8A2B91C17BEA30900002FF9;
			remoteInfo = KGL;
		};
/* End PBXContainerItemProxy section */

/* Begin PBXFileReference section */
		AEB39981181305FF00179CE8 /* KGLIndexedObjectBuilder.m */ = {isa = PBXFileReference; fileEncoding = 4; lastKnownFileType = sourcecode.c.objc; path = KGLIndexedObjectBuilder.m; sourceTree = "<group>"; };
		AEB39982181305FF00179CE8 /* KGLIndexedObjectBuilder.h */ = {isa = PBXFileReference; fileEncoding = 4; lastKnownFileType = sourcecode.c.h; path = KGLIndexedObjectBuilder.h; sourceTree = "<group>"; };
		AEB399851813072700179CE8 /* KGLBoxBuilder.m */ = {isa = PBXFileReference; fileEncoding = 4; lastKnownFileType = sourcecode.c.objc; path = KGLBoxBuilder.m; sourceTree = "<group>"; };
		AEB399861813072700179CE8 /* KGLBoxBuilder.h */ = {isa = PBXFileReference; fileEncoding = 4; lastKnownFileType = sourcecode.c.h; path = KGLBoxBuilder.h; sourceTree = "<group>"; };
		AEB3998918131DC100179CE8 /* KGLSphereBuilder.m */ = {isa = PBXFileReference; fileEncoding = 4; lastKnownFileType = sourcecode.c.objc; path = KGLSphereBuilder.m; sourceTree = "<group>"; };
		AEB3998A18131DC100179CE8 /* KGLSphereBuilder.h */ = {isa = PBXFileReference; fileEncoding = 4; lastKnownFileType = sourcecode.c.h; path = KGLSphereBuilder.h; sourceTree = "<group>"; };
		AEB3998D18131EF900179CE8 /* KGLTorusBuilder.m */ = {isa = PBXFileReference; fileEncoding = 4; lastKnownFileType = sourcecode.c.objc; path = KGLTorusBuilder.m; sourceTree = "<group>"; };
		AEB3998E18131EF900179CE8 /* KGLTorusBuilder.h */ = {isa = PBXFileReference; fileEncoding = 4; lastKnownFileType = sourcecode.c.h; path = KGLTorusBuilder.h; sourceTree = "<group>"; };
		AEB3999118131FEC00179CE8 /* KGLConeBuilder.m */ = {isa = PBXFileReference; fileEncoding = 4; lastKnownFileType = sourcecode.c.objc; path = KGLConeBuilder.m; sourceTree = "<group>"; };
		AEB3999218131FEC00179CE8 /* KGLConeBuilder.h */ = {isa = PBXFileReference; fileEncoding = 4; lastKnownFileType = sourcecode.c.h; path = KGLConeBuilder.h; sourceTree = "<group>"; };
		AEB39995181321A000179CE8 /* KGLTorusBuilderTests.m */ = {isa = PBXFileReference; fileEncoding = 4; lastKnownFileType = sourcecode.c.objc; path = KGLTorusBuilderTests.m; sourceTree = "<group>"; };
		AEB39996181321A000179CE8 /* KGLSphereBuilderTests.m */ = {isa = PBXFileReference; fileEncoding = 4; lastKnownFileType = sourcecode.c.objc; path = KGLSphereBuilderTests.m; sourceTree = "<group>"; };
		AEB39997181321A000179CE8 /* KGLConeBuilderTests.m */ = {isa = PBXFileReference; fileEncoding = 4; lastKnownFileType = sourcecode.c.objc; path = KGLConeBuilderTests.m; sourceTree = "<group>"; };
		AECBAFA01812C2FC005A8122 /* KGLVector3.m */ = {isa = PBXFileReference; fileEncoding = 4; lastKnownFileType = sourcecode.c.objc; path = KGLVector3.m; sourceTree = "<group>"; };
		AECBAFA11812C2FC005A8122 /* KGLVector3.h */ = {isa = PBXFileReference; fileEncoding = 4; lastKnownFileType = sourcecode.c.h; path = KGLVector3.h; sourceTree = "<group>"; };
		AECBAFA41812C5A8005A8122 /* KGLParameterizedVertex.m */ = {isa = PBXFileReference; fileEncoding = 4; lastKnownFileType = sourcecode.c.objc; path = KGLParameterizedVertex.m; sourceTree = "<group>"; };
		AECBAFA51812C5A8005A8122 /* KGLParameterizedVertex.h */ = {isa = PBXFileReference; fileEncoding = 4; lastKnownFileType = sourcecode.c.h; path = KGLParameterizedVertex.h; sourceTree = "<group>"; };
		AECBAFA81812C7BE005A8122 /* KGLTesselate.h */ = {isa = PBXFileReference; fileEncoding = 4; lastKnownFileType = sourcecode.c.h; path = KGLTesselate.h; sourceTree = "<group>"; };
		AECBAFAA1812C8C5005A8122 /* KGLTriangle.m */ = {isa = PBXFileReference; fileEncoding = 4; lastKnownFileType = sourcecode.c.objc; path = KGLTriangle.m; sourceTree = "<group>"; };
		AECBAFAB1812C8C5005A8122 /* KGLTriangle.h */ = {isa = PBXFileReference; fileEncoding = 4; lastKnownFileType = sourcecode.c.h; path = KGLTriangle.h; sourceTree = "<group>"; };
		AECBAFAE1812CA1E005A8122 /* KGLQuad.m */ = {isa = PBXFileReference; fileEncoding = 4; lastKnownFileType = sourcecode.c.objc; path = KGLQuad.m; sourceTree = "<group>"; };
		AECBAFAF1812CA1E005A8122 /* KGLQuad.h */ = {isa = PBXFileReference; fileEncoding = 4; lastKnownFileType = sourcecode.c.h; path = KGLQuad.h; sourceTree = "<group>"; };
		AECBAFB21812CBB5005A8122 /* KGLIndexedTriangle.m */ = {isa = PBXFileReference; fileEncoding = 4; lastKnownFileType = sourcecode.c.objc; path = KGLIndexedTriangle.m; sourceTree = "<group>"; };
		AECBAFB31812CBB5005A8122 /* KGLIndexedTriangle.h */ = {isa = PBXFileReference; fileEncoding = 4; lastKnownFileType = sourcecode.c.h; path = KGLIndexedTriangle.h; sourceTree = "<group>"; };
		AECBAFB61812CD03005A8122 /* KGLIndexedQuad.m */ = {isa = PBXFileReference; fileEncoding = 4; lastKnownFileType = sourcecode.c.objc; path = KGLIndexedQuad.m; sourceTree = "<group>"; };
		AECBAFB71812CD03005A8122 /* KGLIndexedQuad.h */ = {isa = PBXFileReference; fileEncoding = 4; lastKnownFileType = sourcecode.c.h; path = KGLIndexedQuad.h; sourceTree = "<group>"; };
		AECBAFBE1812CEBC005A8122 /* KGL Tests.xctest */ = {isa = PBXFileReference; explicitFileType = wrapper.cfbundle; includeInIndex = 0; path = "KGL Tests.xctest"; sourceTree = BUILT_PRODUCTS_DIR; };
		AECBAFBF1812CEBC005A8122 /* XCTest.framework */ = {isa = PBXFileReference; lastKnownFileType = wrapper.framework; name = XCTest.framework; path = Library/Frameworks/XCTest.framework; sourceTree = DEVELOPER_DIR; };
		AECBAFC31812CEBC005A8122 /* KGL Tests-Info.plist */ = {isa = PBXFileReference; lastKnownFileType = text.plist.xml; path = "KGL Tests-Info.plist"; sourceTree = "<group>"; };
		AECBAFC51812CEBC005A8122 /* en */ = {isa = PBXFileReference; lastKnownFileType = text.plist.strings; name = en; path = en.lproj/InfoPlist.strings; sourceTree = "<group>"; };
		AECBAFC91812CEBC005A8122 /* KGL Tests-Prefix.pch */ = {isa = PBXFileReference; lastKnownFileType = sourcecode.c.h; path = "KGL Tests-Prefix.pch"; sourceTree = "<group>"; };
		AECBAFCF1812CEF8005A8122 /* RSParameterizedVertexTests.m */ = {isa = PBXFileReference; fileEncoding = 4; lastKnownFileType = sourcecode.c.objc; path = RSParameterizedVertexTests.m; sourceTree = "<group>"; };
		AECBAFD418130339005A8122 /* KGLObjectBuilder.m */ = {isa = PBXFileReference; fileEncoding = 4; lastKnownFileType = sourcecode.c.objc; path = KGLObjectBuilder.m; sourceTree = "<group>"; };
		AECBAFD518130339005A8122 /* KGLObjectBuilder.h */ = {isa = PBXFileReference; fileEncoding = 4; lastKnownFileType = sourcecode.c.h; path = KGLObjectBuilder.h; sourceTree = "<group>"; };
		AEDA67A01804AE37006237A6 /* KGLTexture.h */ = {isa = PBXFileReference; fileEncoding = 4; lastKnownFileType = sourcecode.c.h; path = KGLTexture.h; sourceTree = "<group>"; };
		AEDA67A11804AE37006237A6 /* KGLTexture.m */ = {isa = PBXFileReference; fileEncoding = 4; lastKnownFileType = sourcecode.c.objc; path = KGLTexture.m; sourceTree = "<group>"; };
		AEE6EB6A181471E20025FED6 /* KGLBuiltObject.m */ = {isa = PBXFileReference; fileEncoding = 4; lastKnownFileType = sourcecode.c.objc; path = KGLBuiltObject.m; sourceTree = "<group>"; };
		AEE6EB6B181471E20025FED6 /* KGLBuiltObject.h */ = {isa = PBXFileReference; fileEncoding = 4; lastKnownFileType = sourcecode.c.h; path = KGLBuiltObject.h; sourceTree = "<group>"; };
		D84065F117BF0A6800D07028 /* shader.vsh */ = {isa = PBXFileReference; fileEncoding = 4; lastKnownFileType = sourcecode.glsl; path = shader.vsh; sourceTree = "<group>"; };
		D84065F217BF0A6800D07028 /* shader.fsh */ = {isa = PBXFileReference; fileEncoding = 4; lastKnownFileType = sourcecode.glsl; path = shader.fsh; sourceTree = "<group>"; };
		D8A2B91D17BEA30900002FF9 /* KGL.framework */ = {isa = PBXFileReference; explicitFileType = wrapper.framework; includeInIndex = 0; path = KGL.framework; sourceTree = BUILT_PRODUCTS_DIR; };
		D8A2B92017BEA30900002FF9 /* Cocoa.framework */ = {isa = PBXFileReference; lastKnownFileType = wrapper.framework; name = Cocoa.framework; path = System/Library/Frameworks/Cocoa.framework; sourceTree = SDKROOT; };
		D8A2B92317BEA30900002FF9 /* AppKit.framework */ = {isa = PBXFileReference; lastKnownFileType = wrapper.framework; name = AppKit.framework; path = System/Library/Frameworks/AppKit.framework; sourceTree = SDKROOT; };
		D8A2B92417BEA30900002FF9 /* CoreData.framework */ = {isa = PBXFileReference; lastKnownFileType = wrapper.framework; name = CoreData.framework; path = System/Library/Frameworks/CoreData.framework; sourceTree = SDKROOT; };
		D8A2B92517BEA30900002FF9 /* Foundation.framework */ = {isa = PBXFileReference; lastKnownFileType = wrapper.framework; name = Foundation.framework; path = System/Library/Frameworks/Foundation.framework; sourceTree = SDKROOT; };
		D8A2B92817BEA30900002FF9 /* KGL-Info.plist */ = {isa = PBXFileReference; lastKnownFileType = text.plist.xml; path = "KGL-Info.plist"; sourceTree = "<group>"; };
		D8A2B92A17BEA30900002FF9 /* en */ = {isa = PBXFileReference; lastKnownFileType = text.plist.strings; name = en; path = en.lproj/InfoPlist.strings; sourceTree = "<group>"; };
		D8A2B92C17BEA30900002FF9 /* KGL-Prefix.pch */ = {isa = PBXFileReference; lastKnownFileType = sourcecode.c.h; path = "KGL-Prefix.pch"; sourceTree = "<group>"; };
		D8A2B93517BEA35800002FF9 /* GLKit.framework */ = {isa = PBXFileReference; lastKnownFileType = wrapper.framework; name = GLKit.framework; path = System/Library/Frameworks/GLKit.framework; sourceTree = SDKROOT; };
		D8A2B93917BEA3C300002FF9 /* KGLDrawable.h */ = {isa = PBXFileReference; fileEncoding = 4; lastKnownFileType = sourcecode.c.h; path = KGLDrawable.h; sourceTree = "<group>"; };
		D8A2B93A17BEA3C300002FF9 /* KGLDrawable.m */ = {isa = PBXFileReference; fileEncoding = 4; lastKnownFileType = sourcecode.c.objc; path = KGLDrawable.m; sourceTree = "<group>"; };
		D8A2B93B17BEA3C300002FF9 /* KGLShader.h */ = {isa = PBXFileReference; fileEncoding = 4; lastKnownFileType = sourcecode.c.h; path = KGLShader.h; sourceTree = "<group>"; };
		D8A2B93C17BEA3C300002FF9 /* KGLShader.m */ = {isa = PBXFileReference; fileEncoding = 4; lastKnownFileType = sourcecode.c.objc; path = KGLShader.m; sourceTree = "<group>"; };
		D8A2B93D17BEA3C300002FF9 /* KGLError.h */ = {isa = PBXFileReference; fileEncoding = 4; lastKnownFileType = sourcecode.c.h; path = KGLError.h; sourceTree = "<group>"; };
		D8A2B93E17BEA3C300002FF9 /* KGLError.m */ = {isa = PBXFileReference; fileEncoding = 4; lastKnownFileType = sourcecode.c.objc; path = KGLError.m; sourceTree = "<group>"; };
		D8A2B93F17BEA3C300002FF9 /* KGLShaderAttribute.h */ = {isa = PBXFileReference; fileEncoding = 4; lastKnownFileType = sourcecode.c.h; path = KGLShaderAttribute.h; sourceTree = "<group>"; };
		D8A2B94017BEA3C300002FF9 /* KGLShaderAttribute.m */ = {isa = PBXFileReference; fileEncoding = 4; lastKnownFileType = sourcecode.c.objc; path = KGLShaderAttribute.m; sourceTree = "<group>"; };
		D8A2B94117BEA3C300002FF9 /* KGLDrawableData.h */ = {isa = PBXFileReference; fileEncoding = 4; lastKnownFileType = sourcecode.c.h; path = KGLDrawableData.h; sourceTree = "<group>"; };
		D8A2B94217BEA3C300002FF9 /* KGLDrawableData.m */ = {isa = PBXFileReference; fileEncoding = 4; lastKnownFileType = sourcecode.c.objc; path = KGLDrawableData.m; sourceTree = "<group>"; };
		D8A2B94317BEA3C300002FF9 /* KGLMaterial.h */ = {isa = PBXFileReference; fileEncoding = 4; lastKnownFileType = sourcecode.c.h; path = KGLMaterial.h; sourceTree = "<group>"; };
		D8A2B94417BEA3C300002FF9 /* KGLMaterial.m */ = {isa = PBXFileReference; fileEncoding = 4; lastKnownFileType = sourcecode.c.objc; path = KGLMaterial.m; sourceTree = "<group>"; };
		D8A2B94517BEA3C300002FF9 /* KGLAverageNormal.h */ = {isa = PBXFileReference; fileEncoding = 4; lastKnownFileType = sourcecode.c.h; path = KGLAverageNormal.h; sourceTree = "<group>"; };
		D8A2B94617BEA3C300002FF9 /* KGLAverageNormal.m */ = {isa = PBXFileReference; fileEncoding = 4; lastKnownFileType = sourcecode.c.objc; path = KGLAverageNormal.m; sourceTree = "<group>"; };
		D8A2B94717BEA3C300002FF9 /* KGLDrawableDataIndexed.h */ = {isa = PBXFileReference; fileEncoding = 4; lastKnownFileType = sourcecode.c.h; path = KGLDrawableDataIndexed.h; sourceTree = "<group>"; };
		D8A2B94817BEA3C300002FF9 /* KGLDrawableDataIndexed.m */ = {isa = PBXFileReference; fileEncoding = 4; lastKnownFileType = sourcecode.c.objc; path = KGLDrawableDataIndexed.m; sourceTree = "<group>"; };
		D8A2B94917BEA3C300002FF9 /* KGLDrawableDataArray.h */ = {isa = PBXFileReference; fileEncoding = 4; lastKnownFileType = sourcecode.c.h; path = KGLDrawableDataArray.h; sourceTree = "<group>"; };
		D8A2B94A17BEA3C300002FF9 /* KGLDrawableDataArray.m */ = {isa = PBXFileReference; fileEncoding = 4; lastKnownFileType = sourcecode.c.objc; path = KGLDrawableDataArray.m; sourceTree = "<group>"; };
		D8A2B94B17BEA3C300002FF9 /* KGLCamera.h */ = {isa = PBXFileReference; fileEncoding = 4; lastKnownFileType = sourcecode.c.h; path = KGLCamera.h; sourceTree = "<group>"; };
		D8A2B94C17BEA3C300002FF9 /* KGLCamera.m */ = {isa = PBXFileReference; fileEncoding = 4; lastKnownFileType = sourcecode.c.objc; path = KGLCamera.m; sourceTree = "<group>"; };
		D8A2B94D17BEA3C300002FF9 /* KGLLights.h */ = {isa = PBXFileReference; fileEncoding = 4; lastKnownFileType = sourcecode.c.h; path = KGLLights.h; sourceTree = "<group>"; };
		D8A2B94E17BEA3C300002FF9 /* KGLLights.m */ = {isa = PBXFileReference; fileEncoding = 4; lastKnownFileType = sourcecode.c.objc; path = KGLLights.m; sourceTree = "<group>"; };
		D8A2B94F17BEA3C300002FF9 /* KGLLight.h */ = {isa = PBXFileReference; fileEncoding = 4; lastKnownFileType = sourcecode.c.h; path = KGLLight.h; sourceTree = "<group>"; };
		D8A2B95017BEA3C300002FF9 /* KGLLight.m */ = {isa = PBXFileReference; fileEncoding = 4; lastKnownFileType = sourcecode.c.objc; path = KGLLight.m; sourceTree = "<group>"; };
		D8A2B95117BEA3C300002FF9 /* KGLScene.h */ = {isa = PBXFileReference; fileEncoding = 4; lastKnownFileType = sourcecode.c.h; path = KGLScene.h; sourceTree = "<group>"; };
		D8A2B95217BEA3C300002FF9 /* KGLScene.m */ = {isa = PBXFileReference; fileEncoding = 4; lastKnownFileType = sourcecode.c.objc; path = KGLScene.m; sourceTree = "<group>"; };
		D8A2B95317BEA3C300002FF9 /* KGLReferenceFrame.h */ = {isa = PBXFileReference; fileEncoding = 4; lastKnownFileType = sourcecode.c.h; path = KGLReferenceFrame.h; sourceTree = "<group>"; };
		D8A2B95417BEA3C300002FF9 /* KGLReferenceFrame.m */ = {isa = PBXFileReference; fileEncoding = 4; lastKnownFileType = sourcecode.c.objc; path = KGLReferenceFrame.m; sourceTree = "<group>"; };
		D8A2B95517BEA3C300002FF9 /* KGLObject.h */ = {isa = PBXFileReference; fileEncoding = 4; lastKnownFileType = sourcecode.c.h; path = KGLObject.h; sourceTree = "<group>"; };
		D8A2B95617BEA3C300002FF9 /* KGLObject.m */ = {isa = PBXFileReference; fileEncoding = 4; lastKnownFileType = sourcecode.c.objc; path = KGLObject.m; sourceTree = "<group>"; };
		D8A2B97617BEA41200002FF9 /* KGLRender.h */ = {isa = PBXFileReference; fileEncoding = 4; lastKnownFileType = sourcecode.c.h; path = KGLRender.h; sourceTree = "<group>"; };
		D8A2B97717BEA41200002FF9 /* KGLModelingHierarchy.h */ = {isa = PBXFileReference; fileEncoding = 4; lastKnownFileType = sourcecode.c.h; path = KGLModelingHierarchy.h; sourceTree = "<group>"; };
		D8AAAD2217E130880022133B /* OpenGL.framework */ = {isa = PBXFileReference; lastKnownFileType = wrapper.framework; name = OpenGL.framework; path = System/Library/Frameworks/OpenGL.framework; sourceTree = SDKROOT; };
		D8CFED0217E3EE3B0016F090 /* NSString+UUID.h */ = {isa = PBXFileReference; fileEncoding = 4; lastKnownFileType = sourcecode.c.h; path = "NSString+UUID.h"; sourceTree = "<group>"; };
		D8CFED0317E3EE3B0016F090 /* NSString+UUID.m */ = {isa = PBXFileReference; fileEncoding = 4; lastKnownFileType = sourcecode.c.objc; path = "NSString+UUID.m"; sourceTree = "<group>"; };
		D8CFED0717E3EE970016F090 /* KGLUUID.h */ = {isa = PBXFileReference; fileEncoding = 4; lastKnownFileType = sourcecode.c.h; path = KGLUUID.h; sourceTree = "<group>"; };
		D8CFED0817E3EE970016F090 /* KGLUUID.m */ = {isa = PBXFileReference; fileEncoding = 4; lastKnownFileType = sourcecode.c.objc; path = KGLUUID.m; sourceTree = "<group>"; };
		D8F842F61810A82B0013D2FC /* KGL.h */ = {isa = PBXFileReference; fileEncoding = 4; lastKnownFileType = sourcecode.c.h; path = KGL.h; sourceTree = "<group>"; };
		D8F842F71810A82B0013D2FC /* KGL.m */ = {isa = PBXFileReference; fileEncoding = 4; lastKnownFileType = sourcecode.c.objc; path = KGL.m; sourceTree = "<group>"; };
/* End PBXFileReference section */

/* Begin PBXFrameworksBuildPhase section */
		AECBAFBB1812CEBC005A8122 /* Frameworks */ = {
			isa = PBXFrameworksBuildPhase;
			buildActionMask = 2147483647;
			files = (
				AECBAFD11812CF50005A8122 /* KGL.framework in Frameworks */,
				AECBAFC01812CEBC005A8122 /* XCTest.framework in Frameworks */,
			);
			runOnlyForDeploymentPostprocessing = 0;
		};
		D8A2B91917BEA30900002FF9 /* Frameworks */ = {
			isa = PBXFrameworksBuildPhase;
			buildActionMask = 2147483647;
			files = (
				D8AAAD2317E130880022133B /* OpenGL.framework in Frameworks */,
				D8A2B93617BEA35800002FF9 /* GLKit.framework in Frameworks */,
				D8A2B92117BEA30900002FF9 /* Cocoa.framework in Frameworks */,
			);
			runOnlyForDeploymentPostprocessing = 0;
		};
/* End PBXFrameworksBuildPhase section */

/* Begin PBXGroup section */
		AECBAF9F1812C2C7005A8122 /* Vertices and Faces */ = {
			isa = PBXGroup;
			children = (
				AECBAFB61812CD03005A8122 /* KGLIndexedQuad.m */,
				AECBAFB71812CD03005A8122 /* KGLIndexedQuad.h */,
				AECBAFB21812CBB5005A8122 /* KGLIndexedTriangle.m */,
				AECBAFB31812CBB5005A8122 /* KGLIndexedTriangle.h */,
				AECBAFAE1812CA1E005A8122 /* KGLQuad.m */,
				AECBAFAF1812CA1E005A8122 /* KGLQuad.h */,
				AECBAFAA1812C8C5005A8122 /* KGLTriangle.m */,
				AECBAFAB1812C8C5005A8122 /* KGLTriangle.h */,
				AECBAFA41812C5A8005A8122 /* KGLParameterizedVertex.m */,
				AECBAFA51812C5A8005A8122 /* KGLParameterizedVertex.h */,
				AECBAFA01812C2FC005A8122 /* KGLVector3.m */,
				AECBAFA11812C2FC005A8122 /* KGLVector3.h */,
			);
			name = "Vertices and Faces";
			sourceTree = "<group>";
		};
		AECBAFC11812CEBC005A8122 /* KGL Tests */ = {
			isa = PBXGroup;
			children = (
				AEB39995181321A000179CE8 /* KGLTorusBuilderTests.m */,
				AEB39996181321A000179CE8 /* KGLSphereBuilderTests.m */,
				AEB39997181321A000179CE8 /* KGLConeBuilderTests.m */,
				AECBAFCF1812CEF8005A8122 /* RSParameterizedVertexTests.m */,
				AECBAFC21812CEBC005A8122 /* Supporting Files */,
			);
			path = "KGL Tests";
			sourceTree = "<group>";
		};
		AECBAFC21812CEBC005A8122 /* Supporting Files */ = {
			isa = PBXGroup;
			children = (
				AECBAFC31812CEBC005A8122 /* KGL Tests-Info.plist */,
				AECBAFC41812CEBC005A8122 /* InfoPlist.strings */,
				AECBAFC91812CEBC005A8122 /* KGL Tests-Prefix.pch */,
			);
			name = "Supporting Files";
			sourceTree = "<group>";
		};
		AECBAFD318130318005A8122 /* Object Builders */ = {
			isa = PBXGroup;
			children = (
				AEE6EB6A181471E20025FED6 /* KGLBuiltObject.m */,
				AEE6EB6B181471E20025FED6 /* KGLBuiltObject.h */,
				AEB3999118131FEC00179CE8 /* KGLConeBuilder.m */,
				AEB3999218131FEC00179CE8 /* KGLConeBuilder.h */,
				AEB3998D18131EF900179CE8 /* KGLTorusBuilder.m */,
				AEB3998E18131EF900179CE8 /* KGLTorusBuilder.h */,
				AEB3998918131DC100179CE8 /* KGLSphereBuilder.m */,
				AEB3998A18131DC100179CE8 /* KGLSphereBuilder.h */,
				AEB399851813072700179CE8 /* KGLBoxBuilder.m */,
				AEB399861813072700179CE8 /* KGLBoxBuilder.h */,
				AEB39981181305FF00179CE8 /* KGLIndexedObjectBuilder.m */,
				AEB39982181305FF00179CE8 /* KGLIndexedObjectBuilder.h */,
				AECBAFD418130339005A8122 /* KGLObjectBuilder.m */,
				AECBAFD518130339005A8122 /* KGLObjectBuilder.h */,
			);
			name = "Object Builders";
			sourceTree = "<group>";
		};
		D84065F017BF0A4D00D07028 /* Shaders */ = {
			isa = PBXGroup;
			children = (
				D84065F117BF0A6800D07028 /* shader.vsh */,
				D84065F217BF0A6800D07028 /* shader.fsh */,
			);
			name = Shaders;
			sourceTree = "<group>";
		};
		D8A2B91317BEA30900002FF9 = {
			isa = PBXGroup;
			children = (
				D8A2B92617BEA30900002FF9 /* KGL */,
				AECBAFC11812CEBC005A8122 /* KGL Tests */,
				D8A2B91F17BEA30900002FF9 /* Frameworks */,
				D8A2B91E17BEA30900002FF9 /* Products */,
			);
			sourceTree = "<group>";
		};
		D8A2B91E17BEA30900002FF9 /* Products */ = {
			isa = PBXGroup;
			children = (
				D8A2B91D17BEA30900002FF9 /* KGL.framework */,
				AECBAFBE1812CEBC005A8122 /* KGL Tests.xctest */,
			);
			name = Products;
			sourceTree = "<group>";
		};
		D8A2B91F17BEA30900002FF9 /* Frameworks */ = {
			isa = PBXGroup;
			children = (
				D8AAAD2217E130880022133B /* OpenGL.framework */,
				D8A2B93517BEA35800002FF9 /* GLKit.framework */,
				D8A2B92017BEA30900002FF9 /* Cocoa.framework */,
				AECBAFBF1812CEBC005A8122 /* XCTest.framework */,
				D8A2B92217BEA30900002FF9 /* Other Frameworks */,
			);
			name = Frameworks;
			sourceTree = "<group>";
		};
		D8A2B92217BEA30900002FF9 /* Other Frameworks */ = {
			isa = PBXGroup;
			children = (
				D8A2B92317BEA30900002FF9 /* AppKit.framework */,
				D8A2B92417BEA30900002FF9 /* CoreData.framework */,
				D8A2B92517BEA30900002FF9 /* Foundation.framework */,
			);
			name = "Other Frameworks";
			sourceTree = "<group>";
		};
		D8A2B92617BEA30900002FF9 /* KGL */ = {
			isa = PBXGroup;
			children = (
				AECBAFD318130318005A8122 /* Object Builders */,
				AECBAF9F1812C2C7005A8122 /* Vertices and Faces */,
				D8CFED0617E3EE780016F090 /* Helpers */,
				D8CFED0117E3EE200016F090 /* Categories */,
				D84065F017BF0A4D00D07028 /* Shaders */,
				D8A2B97517BEA3FD00002FF9 /* Protocols */,
				D8A2B93917BEA3C300002FF9 /* KGLDrawable.h */,
				D8A2B93A17BEA3C300002FF9 /* KGLDrawable.m */,
				D8A2B93B17BEA3C300002FF9 /* KGLShader.h */,
				D8A2B93C17BEA3C300002FF9 /* KGLShader.m */,
				D8A2B93D17BEA3C300002FF9 /* KGLError.h */,
				D8A2B93E17BEA3C300002FF9 /* KGLError.m */,
				D8A2B93F17BEA3C300002FF9 /* KGLShaderAttribute.h */,
				D8A2B94017BEA3C300002FF9 /* KGLShaderAttribute.m */,
				D8A2B94117BEA3C300002FF9 /* KGLDrawableData.h */,
				D8A2B94217BEA3C300002FF9 /* KGLDrawableData.m */,
				D8A2B94317BEA3C300002FF9 /* KGLMaterial.h */,
				D8A2B94417BEA3C300002FF9 /* KGLMaterial.m */,
				D8A2B94517BEA3C300002FF9 /* KGLAverageNormal.h */,
				D8A2B94617BEA3C300002FF9 /* KGLAverageNormal.m */,
				D8A2B94717BEA3C300002FF9 /* KGLDrawableDataIndexed.h */,
				D8A2B94817BEA3C300002FF9 /* KGLDrawableDataIndexed.m */,
				D8A2B94917BEA3C300002FF9 /* KGLDrawableDataArray.h */,
				D8A2B94A17BEA3C300002FF9 /* KGLDrawableDataArray.m */,
				D8A2B94B17BEA3C300002FF9 /* KGLCamera.h */,
				D8A2B94C17BEA3C300002FF9 /* KGLCamera.m */,
				D8A2B94D17BEA3C300002FF9 /* KGLLights.h */,
				D8A2B94E17BEA3C300002FF9 /* KGLLights.m */,
				D8A2B94F17BEA3C300002FF9 /* KGLLight.h */,
				D8A2B95017BEA3C300002FF9 /* KGLLight.m */,
				D8A2B95117BEA3C300002FF9 /* KGLScene.h */,
				D8A2B95217BEA3C300002FF9 /* KGLScene.m */,
				D8A2B95317BEA3C300002FF9 /* KGLReferenceFrame.h */,
				D8A2B95417BEA3C300002FF9 /* KGLReferenceFrame.m */,
				D8A2B95517BEA3C300002FF9 /* KGLObject.h */,
				D8A2B95617BEA3C300002FF9 /* KGLObject.m */,
				D8A2B92717BEA30900002FF9 /* Supporting Files */,
				AEDA67A01804AE37006237A6 /* KGLTexture.h */,
				AEDA67A11804AE37006237A6 /* KGLTexture.m */,
				D8F842F61810A82B0013D2FC /* KGL.h */,
				D8F842F71810A82B0013D2FC /* KGL.m */,
			);
			path = KGL;
			sourceTree = "<group>";
		};
		D8A2B92717BEA30900002FF9 /* Supporting Files */ = {
			isa = PBXGroup;
			children = (
				D8A2B92817BEA30900002FF9 /* KGL-Info.plist */,
				D8A2B92917BEA30900002FF9 /* InfoPlist.strings */,
				D8A2B92C17BEA30900002FF9 /* KGL-Prefix.pch */,
			);
			name = "Supporting Files";
			sourceTree = "<group>";
		};
		D8A2B97517BEA3FD00002FF9 /* Protocols */ = {
			isa = PBXGroup;
			children = (
				AECBAFA81812C7BE005A8122 /* KGLTesselate.h */,
				D8A2B97617BEA41200002FF9 /* KGLRender.h */,
				D8A2B97717BEA41200002FF9 /* KGLModelingHierarchy.h */,
			);
			name = Protocols;
			sourceTree = "<group>";
		};
		D8CFED0117E3EE200016F090 /* Categories */ = {
			isa = PBXGroup;
			children = (
				D8CFED0217E3EE3B0016F090 /* NSString+UUID.h */,
				D8CFED0317E3EE3B0016F090 /* NSString+UUID.m */,
			);
			name = Categories;
			sourceTree = "<group>";
		};
		D8CFED0617E3EE780016F090 /* Helpers */ = {
			isa = PBXGroup;
			children = (
				D8CFED0717E3EE970016F090 /* KGLUUID.h */,
				D8CFED0817E3EE970016F090 /* KGLUUID.m */,
			);
			name = Helpers;
			sourceTree = "<group>";
		};
/* End PBXGroup section */

/* Begin PBXHeadersBuildPhase section */
		D8A2B91A17BEA30900002FF9 /* Headers */ = {
			isa = PBXHeadersBuildPhase;
			buildActionMask = 2147483647;
			files = (
				D8F842F81810A82B0013D2FC /* KGL.h in Headers */,
				D8A2B95717BEA3C300002FF9 /* KGLDrawable.h in Headers */,
				D8A2B95917BEA3C300002FF9 /* KGLShader.h in Headers */,
				D8A2B95B17BEA3C300002FF9 /* KGLError.h in Headers */,
				D8A2B95D17BEA3C300002FF9 /* KGLShaderAttribute.h in Headers */,
				D8A2B95F17BEA3C300002FF9 /* KGLDrawableData.h in Headers */,
				D8A2B96117BEA3C300002FF9 /* KGLMaterial.h in Headers */,
				D8A2B96317BEA3C300002FF9 /* KGLAverageNormal.h in Headers */,
				D8A2B96517BEA3C300002FF9 /* KGLDrawableDataIndexed.h in Headers */,
				D8A2B96717BEA3C300002FF9 /* KGLDrawableDataArray.h in Headers */,
				D8A2B96917BEA3C300002FF9 /* KGLCamera.h in Headers */,
				D8A2B96B17BEA3C300002FF9 /* KGLLights.h in Headers */,
				D8A2B96D17BEA3C300002FF9 /* KGLLight.h in Headers */,
				D8A2B96F17BEA3C300002FF9 /* KGLScene.h in Headers */,
				D8CFED0417E3EE3B0016F090 /* NSString+UUID.h in Headers */,
				D8A2B97117BEA3C300002FF9 /* KGLReferenceFrame.h in Headers */,
				D8A2B97317BEA3C300002FF9 /* KGLObject.h in Headers */,
				D8CFED0917E3EE970016F090 /* KGLUUID.h in Headers */,
				AEDA67A21804AE37006237A6 /* KGLTexture.h in Headers */,
				AECBAFA71812C5A8005A8122 /* KGLParameterizedVertex.h in Headers */,
				AECBAFB91812CD03005A8122 /* KGLIndexedQuad.h in Headers */,
				AECBAFA91812C7BE005A8122 /* KGLTesselate.h in Headers */,
				AECBAFB51812CBB5005A8122 /* KGLIndexedTriangle.h in Headers */,
				AECBAFB11812CA1E005A8122 /* KGLQuad.h in Headers */,
				AECBAFAD1812C8C5005A8122 /* KGLTriangle.h in Headers */,
				AEB39984181305FF00179CE8 /* KGLIndexedObjectBuilder.h in Headers */,
				AECBAFA31812C2FC005A8122 /* KGLVector3.h in Headers */,
				AEB3998C18131DC100179CE8 /* KGLSphereBuilder.h in Headers */,
				AEB3999018131EF900179CE8 /* KGLTorusBuilder.h in Headers */,
				AEB3999418131FEC00179CE8 /* KGLConeBuilder.h in Headers */,
				AECBAFD718130339005A8122 /* KGLObjectBuilder.h in Headers */,
				AEE6EB6D181471E20025FED6 /* KGLBuiltObject.h in Headers */,
				AEB399881813072700179CE8 /* KGLBoxBuilder.h in Headers */,
				D8A2B97817BEA41200002FF9 /* KGLRender.h in Headers */,
				D8A2B97917BEA41200002FF9 /* KGLModelingHierarchy.h in Headers */,
			);
			runOnlyForDeploymentPostprocessing = 0;
		};
/* End PBXHeadersBuildPhase section */

/* Begin PBXNativeTarget section */
		AECBAFBD1812CEBC005A8122 /* KGL Tests */ = {
			isa = PBXNativeTarget;
			buildConfigurationList = AECBAFCC1812CEBC005A8122 /* Build configuration list for PBXNativeTarget "KGL Tests" */;
			buildPhases = (
				AECBAFBA1812CEBC005A8122 /* Sources */,
				AECBAFBB1812CEBC005A8122 /* Frameworks */,
				AECBAFBC1812CEBC005A8122 /* Resources */,
			);
			buildRules = (
			);
			dependencies = (
				AECBAFCB1812CEBC005A8122 /* PBXTargetDependency */,
			);
			name = "KGL Tests";
			productName = "KGL Tests";
			productReference = AECBAFBE1812CEBC005A8122 /* KGL Tests.xctest */;
			productType = "com.apple.product-type.bundle.unit-test";
		};
		D8A2B91C17BEA30900002FF9 /* KGL */ = {
			isa = PBXNativeTarget;
			buildConfigurationList = D8A2B93217BEA30900002FF9 /* Build configuration list for PBXNativeTarget "KGL" */;
			buildPhases = (
				D8A2B91817BEA30900002FF9 /* Sources */,
				D8A2B91917BEA30900002FF9 /* Frameworks */,
				D8A2B91A17BEA30900002FF9 /* Headers */,
				D8A2B91B17BEA30900002FF9 /* Resources */,
			);
			buildRules = (
			);
			dependencies = (
			);
			name = KGL;
			productName = KGL;
			productReference = D8A2B91D17BEA30900002FF9 /* KGL.framework */;
			productType = "com.apple.product-type.framework";
		};
/* End PBXNativeTarget section */

/* Begin PBXProject section */
		D8A2B91417BEA30900002FF9 /* Project object */ = {
			isa = PBXProject;
			attributes = {
				LastUpgradeCheck = 0500;
				ORGANIZATIONNAME = khr;
				TargetAttributes = {
					AECBAFBD1812CEBC005A8122 = {
						TestTargetID = D8A2B91C17BEA30900002FF9;
					};
				};
			};
			buildConfigurationList = D8A2B91717BEA30900002FF9 /* Build configuration list for PBXProject "KGL" */;
			compatibilityVersion = "Xcode 3.2";
			developmentRegion = English;
			hasScannedForEncodings = 0;
			knownRegions = (
				en,
			);
			mainGroup = D8A2B91317BEA30900002FF9;
			productRefGroup = D8A2B91E17BEA30900002FF9 /* Products */;
			projectDirPath = "";
			projectRoot = "";
			targets = (
				D8A2B91C17BEA30900002FF9 /* KGL */,
				AECBAFBD1812CEBC005A8122 /* KGL Tests */,
			);
		};
/* End PBXProject section */

/* Begin PBXResourcesBuildPhase section */
		AECBAFBC1812CEBC005A8122 /* Resources */ = {
			isa = PBXResourcesBuildPhase;
			buildActionMask = 2147483647;
			files = (
				AECBAFC61812CEBC005A8122 /* InfoPlist.strings in Resources */,
			);
			runOnlyForDeploymentPostprocessing = 0;
		};
		D8A2B91B17BEA30900002FF9 /* Resources */ = {
			isa = PBXResourcesBuildPhase;
			buildActionMask = 2147483647;
			files = (
				D84065F517BF0A8A00D07028 /* shader.vsh in Resources */,
				D84065F617BF0A8A00D07028 /* shader.fsh in Resources */,
				D8A2B92B17BEA30900002FF9 /* InfoPlist.strings in Resources */,
			);
			runOnlyForDeploymentPostprocessing = 0;
		};
/* End PBXResourcesBuildPhase section */

/* Begin PBXSourcesBuildPhase section */
		AECBAFBA1812CEBC005A8122 /* Sources */ = {
			isa = PBXSourcesBuildPhase;
			buildActionMask = 2147483647;
			files = (
				AEB39998181321A000179CE8 /* KGLTorusBuilderTests.m in Sources */,
				AEB3999A181321A000179CE8 /* KGLConeBuilderTests.m in Sources */,
				AEB39999181321A000179CE8 /* KGLSphereBuilderTests.m in Sources */,
				AECBAFD01812CEF8005A8122 /* RSParameterizedVertexTests.m in Sources */,
			);
			runOnlyForDeploymentPostprocessing = 0;
		};
		D8A2B91817BEA30900002FF9 /* Sources */ = {
			isa = PBXSourcesBuildPhase;
			buildActionMask = 2147483647;
			files = (
				AEE6EB6C181471E20025FED6 /* KGLBuiltObject.m in Sources */,
				D8A2B95817BEA3C300002FF9 /* KGLDrawable.m in Sources */,
				AECBAFD618130339005A8122 /* KGLObjectBuilder.m in Sources */,
				D8A2B95A17BEA3C300002FF9 /* KGLShader.m in Sources */,
				D8A2B95C17BEA3C300002FF9 /* KGLError.m in Sources */,
				D8A2B95E17BEA3C300002FF9 /* KGLShaderAttribute.m in Sources */,
				D8CFED0517E3EE3B0016F090 /* NSString+UUID.m in Sources */,
				AEB3998B18131DC100179CE8 /* KGLSphereBuilder.m in Sources */,
				D8A2B96017BEA3C300002FF9 /* KGLDrawableData.m in Sources */,
				D8A2B96217BEA3C300002FF9 /* KGLMaterial.m in Sources */,
				D8A2B96417BEA3C300002FF9 /* KGLAverageNormal.m in Sources */,
				AEB39983181305FF00179CE8 /* KGLIndexedObjectBuilder.m in Sources */,
				D8CFED0A17E3EE970016F090 /* KGLUUID.m in Sources */,
				D8A2B96617BEA3C300002FF9 /* KGLDrawableDataIndexed.m in Sources */,
				D8A2B96817BEA3C300002FF9 /* KGLDrawableDataArray.m in Sources */,
				AECBAFA21812C2FC005A8122 /* KGLVector3.m in Sources */,
				AECBAFB41812CBB5005A8122 /* KGLIndexedTriangle.m in Sources */,
				AECBAFB01812CA1E005A8122 /* KGLQuad.m in Sources */,
				AEB399871813072700179CE8 /* KGLBoxBuilder.m in Sources */,
				D8A2B96A17BEA3C300002FF9 /* KGLCamera.m in Sources */,
				D8F842F91810A82B0013D2FC /* KGL.m in Sources */,
				AECBAFB81812CD03005A8122 /* KGLIndexedQuad.m in Sources */,
				D8A2B96C17BEA3C300002FF9 /* KGLLights.m in Sources */,
				AEB3998F18131EF900179CE8 /* KGLTorusBuilder.m in Sources */,
				D8A2B96E17BEA3C300002FF9 /* KGLLight.m in Sources */,
				AEDA67A31804AE37006237A6 /* KGLTexture.m in Sources */,
				AECBAFA61812C5A8005A8122 /* KGLParameterizedVertex.m in Sources */,
				AECBAFAC1812C8C5005A8122 /* KGLTriangle.m in Sources */,
				AEB3999318131FEC00179CE8 /* KGLConeBuilder.m in Sources */,
				D8A2B97017BEA3C300002FF9 /* KGLScene.m in Sources */,
				D8A2B97217BEA3C300002FF9 /* KGLReferenceFrame.m in Sources */,
				D8A2B97417BEA3C300002FF9 /* KGLObject.m in Sources */,
			);
			runOnlyForDeploymentPostprocessing = 0;
		};
/* End PBXSourcesBuildPhase section */

/* Begin PBXTargetDependency section */
		AECBAFCB1812CEBC005A8122 /* PBXTargetDependency */ = {
			isa = PBXTargetDependency;
			target = D8A2B91C17BEA30900002FF9 /* KGL */;
			targetProxy = AECBAFCA1812CEBC005A8122 /* PBXContainerItemProxy */;
		};
/* End PBXTargetDependency section */

/* Begin PBXVariantGroup section */
		AECBAFC41812CEBC005A8122 /* InfoPlist.strings */ = {
			isa = PBXVariantGroup;
			children = (
				AECBAFC51812CEBC005A8122 /* en */,
			);
			name = InfoPlist.strings;
			sourceTree = "<group>";
		};
		D8A2B92917BEA30900002FF9 /* InfoPlist.strings */ = {
			isa = PBXVariantGroup;
			children = (
				D8A2B92A17BEA30900002FF9 /* en */,
			);
			name = InfoPlist.strings;
			sourceTree = "<group>";
		};
/* End PBXVariantGroup section */

/* Begin XCBuildConfiguration section */
		AECBAFCD1812CEBC005A8122 /* Debug */ = {
			isa = XCBuildConfiguration;
			buildSettings = {
				CLANG_WARN_BOOL_CONVERSION = YES;
				CLANG_WARN_DIRECT_OBJC_ISA_USAGE = YES_ERROR;
				CLANG_WARN_OBJC_ROOT_CLASS = YES_ERROR;
				FRAMEWORK_SEARCH_PATHS = (
					"$(DEVELOPER_FRAMEWORKS_DIR)",
					"$(inherited)",
				);
				GCC_PRECOMPILE_PREFIX_HEADER = YES;
				GCC_PREFIX_HEADER = "KGL Tests/KGL Tests-Prefix.pch";
				GCC_PREPROCESSOR_DEFINITIONS = (
					"DEBUG=1",
					"$(inherited)",
				);
				GCC_WARN_ABOUT_RETURN_TYPE = YES_ERROR;
				GCC_WARN_UNDECLARED_SELECTOR = YES;
				GCC_WARN_UNUSED_FUNCTION = YES;
				INFOPLIST_FILE = "KGL Tests/KGL Tests-Info.plist";
				PRODUCT_NAME = "$(TARGET_NAME)";
				WRAPPER_EXTENSION = xctest;
			};
			name = Debug;
		};
		AECBAFCE1812CEBC005A8122 /* Release */ = {
			isa = XCBuildConfiguration;
			buildSettings = {
				CLANG_WARN_BOOL_CONVERSION = YES;
				CLANG_WARN_DIRECT_OBJC_ISA_USAGE = YES_ERROR;
				CLANG_WARN_OBJC_ROOT_CLASS = YES_ERROR;
				ENABLE_NS_ASSERTIONS = NO;
				FRAMEWORK_SEARCH_PATHS = (
					"$(DEVELOPER_FRAMEWORKS_DIR)",
					"$(inherited)",
				);
				GCC_PRECOMPILE_PREFIX_HEADER = YES;
				GCC_PREFIX_HEADER = "KGL Tests/KGL Tests-Prefix.pch";
				GCC_WARN_ABOUT_RETURN_TYPE = YES_ERROR;
				GCC_WARN_UNDECLARED_SELECTOR = YES;
				GCC_WARN_UNUSED_FUNCTION = YES;
				INFOPLIST_FILE = "KGL Tests/KGL Tests-Info.plist";
				PRODUCT_NAME = "$(TARGET_NAME)";
				WRAPPER_EXTENSION = xctest;
			};
			name = Release;
		};
		D8A2B93017BEA30900002FF9 /* Debug */ = {
			isa = XCBuildConfiguration;
			buildSettings = {
				ALWAYS_SEARCH_USER_PATHS = NO;
				CLANG_CXX_LANGUAGE_STANDARD = "gnu++0x";
				CLANG_CXX_LIBRARY = "libc++";
				CLANG_ENABLE_OBJC_ARC = YES;
				CLANG_WARN_CONSTANT_CONVERSION = YES;
				CLANG_WARN_EMPTY_BODY = YES;
				CLANG_WARN_ENUM_CONVERSION = YES;
				CLANG_WARN_INT_CONVERSION = YES;
				CLANG_WARN__DUPLICATE_METHOD_MATCH = YES;
				COPY_PHASE_STRIP = NO;
				GCC_C_LANGUAGE_STANDARD = gnu99;
				GCC_DYNAMIC_NO_PIC = NO;
				GCC_ENABLE_OBJC_EXCEPTIONS = YES;
				GCC_OPTIMIZATION_LEVEL = 0;
				GCC_PREPROCESSOR_DEFINITIONS = (
					"DEBUG=1",
					"$(inherited)",
				);
				GCC_SYMBOLS_PRIVATE_EXTERN = NO;
				GCC_WARN_64_TO_32_BIT_CONVERSION = YES;
				GCC_WARN_ABOUT_RETURN_TYPE = YES;
				GCC_WARN_UNINITIALIZED_AUTOS = YES;
				GCC_WARN_UNUSED_VARIABLE = YES;
				INSTALL_PATH = "";
				MACOSX_DEPLOYMENT_TARGET = 10.8;
				ONLY_ACTIVE_ARCH = YES;
				SDKROOT = macosx;
			};
			name = Debug;
		};
		D8A2B93117BEA30900002FF9 /* Release */ = {
			isa = XCBuildConfiguration;
			buildSettings = {
				ALWAYS_SEARCH_USER_PATHS = NO;
				CLANG_CXX_LANGUAGE_STANDARD = "gnu++0x";
				CLANG_CXX_LIBRARY = "libc++";
				CLANG_ENABLE_OBJC_ARC = YES;
				CLANG_WARN_CONSTANT_CONVERSION = YES;
				CLANG_WARN_EMPTY_BODY = YES;
				CLANG_WARN_ENUM_CONVERSION = YES;
				CLANG_WARN_INT_CONVERSION = YES;
				CLANG_WARN__DUPLICATE_METHOD_MATCH = YES;
				COPY_PHASE_STRIP = YES;
				DEBUG_INFORMATION_FORMAT = "dwarf-with-dsym";
				GCC_C_LANGUAGE_STANDARD = gnu99;
				GCC_ENABLE_OBJC_EXCEPTIONS = YES;
				GCC_WARN_64_TO_32_BIT_CONVERSION = YES;
				GCC_WARN_ABOUT_RETURN_TYPE = YES;
				GCC_WARN_UNINITIALIZED_AUTOS = YES;
				GCC_WARN_UNUSED_VARIABLE = YES;
				INSTALL_PATH = "";
				MACOSX_DEPLOYMENT_TARGET = 10.8;
				SDKROOT = macosx;
			};
			name = Release;
		};
		D8A2B93317BEA30900002FF9 /* Debug */ = {
			isa = XCBuildConfiguration;
			buildSettings = {
				COMBINE_HIDPI_IMAGES = YES;
				DYLIB_COMPATIBILITY_VERSION = 1;
				DYLIB_CURRENT_VERSION = 1;
				FRAMEWORK_VERSION = A;
				GCC_PRECOMPILE_PREFIX_HEADER = YES;
				GCC_PREFIX_HEADER = "KGL/KGL-Prefix.pch";
				INFOPLIST_FILE = "KGL/KGL-Info.plist";
				INSTALL_PATH = "$(SOURCE_ROOT)/../Frameworks";
				PRODUCT_NAME = "$(TARGET_NAME)";
				WRAPPER_EXTENSION = framework;
			};
			name = Debug;
		};
		D8A2B93417BEA30900002FF9 /* Release */ = {
			isa = XCBuildConfiguration;
			buildSettings = {
				COMBINE_HIDPI_IMAGES = YES;
				DYLIB_COMPATIBILITY_VERSION = 1;
				DYLIB_CURRENT_VERSION = 1;
				FRAMEWORK_VERSION = A;
				GCC_PRECOMPILE_PREFIX_HEADER = YES;
				GCC_PREFIX_HEADER = "KGL/KGL-Prefix.pch";
				INFOPLIST_FILE = "KGL/KGL-Info.plist";
				INSTALL_PATH = "$(SOURCE_ROOT)/../Frameworks";
				PRODUCT_NAME = "$(TARGET_NAME)";
				WRAPPER_EXTENSION = framework;
			};
			name = Release;
		};
/* End XCBuildConfiguration section */

/* Begin XCConfigurationList section */
		AECBAFCC1812CEBC005A8122 /* Build configuration list for PBXNativeTarget "KGL Tests" */ = {
			isa = XCConfigurationList;
			buildConfigurations = (
				AECBAFCD1812CEBC005A8122 /* Debug */,
				AECBAFCE1812CEBC005A8122 /* Release */,
			);
			defaultConfigurationIsVisible = 0;
			defaultConfigurationName = Release;
		};
		D8A2B91717BEA30900002FF9 /* Build configuration list for PBXProject "KGL" */ = {
			isa = XCConfigurationList;
			buildConfigurations = (
				D8A2B93017BEA30900002FF9 /* Debug */,
				D8A2B93117BEA30900002FF9 /* Release */,
			);
			defaultConfigurationIsVisible = 0;
			defaultConfigurationName = Release;
		};
		D8A2B93217BEA30900002FF9 /* Build configuration list for PBXNativeTarget "KGL" */ = {
			isa = XCConfigurationList;
			buildConfigurations = (
				D8A2B93317BEA30900002FF9 /* Debug */,
				D8A2B93417BEA30900002FF9 /* Release */,
			);
			defaultConfigurationIsVisible = 0;
			defaultConfigurationName = Release;
		};
/* End XCConfigurationList section */
	};
	rootObject = D8A2B91417BEA30900002FF9 /* Project object */;
}
